
Microsoft Visual Studio Solution File, Format Version 12.00
# Visual Studio Version 17
VisualStudioVersion = 17.5.002.0
MinimumVisualStudioVersion = 10.0.40219.1
Project("{2150E333-8FDC-42A3-9474-1A3956D46DE8}") = "csharp-prep", "csharp-prep", "{A2738F33-A8C4-4DED-A4D0-E06246704671}"
EndProject
Project("{9A19103F-16F7-4668-BE54-9A1E7A4F7556}") = "Prep1", "csharp-prep\Prep1\Prep1.csproj", "{C7D6D1B3-71F4-43E9-8043-B46434E1DCA6}"
EndProject
Project("{9A19103F-16F7-4668-BE54-9A1E7A4F7556}") = "Prep2", "csharp-prep\Prep2\Prep2.csproj", "{90893DDD-D095-4BA1-832C-FE1D0DFB559D}"
EndProject
Project("{9A19103F-16F7-4668-BE54-9A1E7A4F7556}") = "Prep3", "csharp-prep\Prep3\Prep3.csproj", "{01D15C48-8F16-4A22-B18D-1B1EB9665770}"
EndProject
Project("{9A19103F-16F7-4668-BE54-9A1E7A4F7556}") = "Prep4", "csharp-prep\Prep4\Prep4.csproj", "{4EA5A78C-ACF9-40A5-B87D-DC857A4BC5C7}"
EndProject
Project("{9A19103F-16F7-4668-BE54-9A1E7A4F7556}") = "Prep5", "csharp-prep\Prep5\Prep5.csproj", "{D9AAF4C2-DD9D-44ED-A87F-F76381F1C210}"
EndProject
Project("{2150E333-8FDC-42A3-9474-1A3956D46DE8}") = "final", "final", "{EB42063E-FE89-4929-996A-DF32760EF200}"
EndProject
Project("{9A19103F-16F7-4668-BE54-9A1E7A4F7556}") = "FinalProject", "final\FinalProject\FinalProject.csproj", "{3957BE6D-4DF1-464F-8004-ECC8DA500067}"
EndProject
Project("{9A19103F-16F7-4668-BE54-9A1E7A4F7556}") = "Foundation1", "final\Foundation1\Foundation1.csproj", "{97FB45A2-C972-45D2-8FF6-24410B2260F6}"
EndProject
Project("{9A19103F-16F7-4668-BE54-9A1E7A4F7556}") = "Foundation2", "final\Foundation2\Foundation2.csproj", "{EACE4D39-6EB4-4F72-8756-B358BF729775}"
EndProject
Project("{9A19103F-16F7-4668-BE54-9A1E7A4F7556}") = "Foundation3", "final\Foundation3\Foundation3.csproj", "{187E4FAD-C10D-4DF6-88CB-8AAF65CB0CAD}"
EndProject
Project("{9A19103F-16F7-4668-BE54-9A1E7A4F7556}") = "Foundation4", "final\Foundation4\Foundation4.csproj", "{53047C02-98AD-4404-BC35-0BFD4B4813B7}"
EndProject
Project("{2150E333-8FDC-42A3-9474-1A3956D46DE8}") = "prepare", "prepare", "{2691E70B-AF8D-4D97-A59B-DEE1561D9B19}"
EndProject
Project("{9A19103F-16F7-4668-BE54-9A1E7A4F7556}") = "Learning02", "prepare\Learning02\Learning02.csproj", "{612789F3-D7AE-4807-8C3B-94A72ABE91CA}"
EndProject
Project("{9A19103F-16F7-4668-BE54-9A1E7A4F7556}") = "Learning03", "prepare\Learning03\Learning03.csproj", "{507C6BDB-AF41-4AC8-ADFD-F6EF2B6E1255}"
EndProject
Project("{9A19103F-16F7-4668-BE54-9A1E7A4F7556}") = "Learning04", "prepare\Learning04\Learning04.csproj", "{00BADC73-460A-4DE1-A9DF-FD35A1589042}"
EndProject
Project("{9A19103F-16F7-4668-BE54-9A1E7A4F7556}") = "Learning05", "prepare\Learning05\Learning05.csproj", "{7DE8F601-2D24-4614-905A-C59D5EE93F57}"
EndProject
Project("{2150E333-8FDC-42A3-9474-1A3956D46DE8}") = "prove", "prove", "{D3BA622E-FCA6-41E6-B200-7CBA93CCF9BD}"
EndProject
Project("{9A19103F-16F7-4668-BE54-9A1E7A4F7556}") = "Develop02", "prove\Develop02\Develop02.csproj", "{270272F2-4810-48C0-864E-9367B69122BF}"
EndProject
Project("{9A19103F-16F7-4668-BE54-9A1E7A4F7556}") = "Develop03", "prove\Develop03\Develop03.csproj", "{4575D340-16D4-4445-8D3F-CA42810A4952}"
EndProject
Project("{9A19103F-16F7-4668-BE54-9A1E7A4F7556}") = "Develop04", "prove\Develop04\Develop04.csproj", "{6EFA7E37-55C4-4569-8408-51FEC51253C8}"
EndProject
Project("{9A19103F-16F7-4668-BE54-9A1E7A4F7556}") = "Develop05", "prove\Develop05\Develop05.csproj", "{CE581B79-D008-42B5-A427-F06EC6F00A55}"
EndProject
Project("{2150E333-8FDC-42A3-9474-1A3956D46DE8}") = "sandbox", "sandbox", "{9BD1CAC1-4326-4D59-9857-A733451B87EB}"
EndProject
Project("{9A19103F-16F7-4668-BE54-9A1E7A4F7556}") = "Sandbox", "sandbox\Sandbox\Sandbox.csproj", "{80DC8317-35BE-4231-A364-4C264F67218C}"
EndProject
Global
	GlobalSection(SolutionConfigurationPlatforms) = preSolution
		Debug|Any CPU = Debug|Any CPU
		Release|Any CPU = Release|Any CPU
	EndGlobalSection
	GlobalSection(ProjectConfigurationPlatforms) = postSolution
		{C7D6D1B3-71F4-43E9-8043-B46434E1DCA6}.Debug|Any CPU.ActiveCfg = Debug|Any CPU
		{C7D6D1B3-71F4-43E9-8043-B46434E1DCA6}.Debug|Any CPU.Build.0 = Debug|Any CPU
		{C7D6D1B3-71F4-43E9-8043-B46434E1DCA6}.Release|Any CPU.ActiveCfg = Release|Any CPU
		{C7D6D1B3-71F4-43E9-8043-B46434E1DCA6}.Release|Any CPU.Build.0 = Release|Any CPU
		{90893DDD-D095-4BA1-832C-FE1D0DFB559D}.Debug|Any CPU.ActiveCfg = Debug|Any CPU
		{90893DDD-D095-4BA1-832C-FE1D0DFB559D}.Debug|Any CPU.Build.0 = Debug|Any CPU
		{90893DDD-D095-4BA1-832C-FE1D0DFB559D}.Release|Any CPU.ActiveCfg = Release|Any CPU
		{90893DDD-D095-4BA1-832C-FE1D0DFB559D}.Release|Any CPU.Build.0 = Release|Any CPU
		{01D15C48-8F16-4A22-B18D-1B1EB9665770}.Debug|Any CPU.ActiveCfg = Debug|Any CPU
		{01D15C48-8F16-4A22-B18D-1B1EB9665770}.Debug|Any CPU.Build.0 = Debug|Any CPU
		{01D15C48-8F16-4A22-B18D-1B1EB9665770}.Release|Any CPU.ActiveCfg = Release|Any CPU
		{01D15C48-8F16-4A22-B18D-1B1EB9665770}.Release|Any CPU.Build.0 = Release|Any CPU
		{4EA5A78C-ACF9-40A5-B87D-DC857A4BC5C7}.Debug|Any CPU.ActiveCfg = Debug|Any CPU
		{4EA5A78C-ACF9-40A5-B87D-DC857A4BC5C7}.Debug|Any CPU.Build.0 = Debug|Any CPU
		{4EA5A78C-ACF9-40A5-B87D-DC857A4BC5C7}.Release|Any CPU.ActiveCfg = Release|Any CPU
		{4EA5A78C-ACF9-40A5-B87D-DC857A4BC5C7}.Release|Any CPU.Build.0 = Release|Any CPU
		{D9AAF4C2-DD9D-44ED-A87F-F76381F1C210}.Debug|Any CPU.ActiveCfg = Debug|Any CPU
		{D9AAF4C2-DD9D-44ED-A87F-F76381F1C210}.Debug|Any CPU.Build.0 = Debug|Any CPU
		{D9AAF4C2-DD9D-44ED-A87F-F76381F1C210}.Release|Any CPU.ActiveCfg = Release|Any CPU
		{D9AAF4C2-DD9D-44ED-A87F-F76381F1C210}.Release|Any CPU.Build.0 = Release|Any CPU
		{3957BE6D-4DF1-464F-8004-ECC8DA500067}.Debug|Any CPU.ActiveCfg = Debug|Any CPU
		{3957BE6D-4DF1-464F-8004-ECC8DA500067}.Debug|Any CPU.Build.0 = Debug|Any CPU
		{3957BE6D-4DF1-464F-8004-ECC8DA500067}.Release|Any CPU.ActiveCfg = Release|Any CPU
		{3957BE6D-4DF1-464F-8004-ECC8DA500067}.Release|Any CPU.Build.0 = Release|Any CPU
		{97FB45A2-C972-45D2-8FF6-24410B2260F6}.Debug|Any CPU.ActiveCfg = Debug|Any CPU
		{97FB45A2-C972-45D2-8FF6-24410B2260F6}.Debug|Any CPU.Build.0 = Debug|Any CPU
		{97FB45A2-C972-45D2-8FF6-24410B2260F6}.Release|Any CPU.ActiveCfg = Release|Any CPU
		{97FB45A2-C972-45D2-8FF6-24410B2260F6}.Release|Any CPU.Build.0 = Release|Any CPU
		{EACE4D39-6EB4-4F72-8756-B358BF729775}.Debug|Any CPU.ActiveCfg = Debug|Any CPU
		{EACE4D39-6EB4-4F72-8756-B358BF729775}.Debug|Any CPU.Build.0 = Debug|Any CPU
		{EACE4D39-6EB4-4F72-8756-B358BF729775}.Release|Any CPU.ActiveCfg = Release|Any CPU
		{EACE4D39-6EB4-4F72-8756-B358BF729775}.Release|Any CPU.Build.0 = Release|Any CPU
		{187E4FAD-C10D-4DF6-88CB-8AAF65CB0CAD}.Debug|Any CPU.ActiveCfg = Debug|Any CPU
		{187E4FAD-C10D-4DF6-88CB-8AAF65CB0CAD}.Debug|Any CPU.Build.0 = Debug|Any CPU
		{187E4FAD-C10D-4DF6-88CB-8AAF65CB0CAD}.Release|Any CPU.ActiveCfg = Release|Any CPU
		{187E4FAD-C10D-4DF6-88CB-8AAF65CB0CAD}.Release|Any CPU.Build.0 = Release|Any CPU
		{53047C02-98AD-4404-BC35-0BFD4B4813B7}.Debug|Any CPU.ActiveCfg = Debug|Any CPU
		{53047C02-98AD-4404-BC35-0BFD4B4813B7}.Debug|Any CPU.Build.0 = Debug|Any CPU
		{53047C02-98AD-4404-BC35-0BFD4B4813B7}.Release|Any CPU.ActiveCfg = Release|Any CPU
		{53047C02-98AD-4404-BC35-0BFD4B4813B7}.Release|Any CPU.Build.0 = Release|Any CPU
		{612789F3-D7AE-4807-8C3B-94A72ABE91CA}.Debug|Any CPU.ActiveCfg = Debug|Any CPU
		{612789F3-D7AE-4807-8C3B-94A72ABE91CA}.Debug|Any CPU.Build.0 = Debug|Any CPU
		{612789F3-D7AE-4807-8C3B-94A72ABE91CA}.Release|Any CPU.ActiveCfg = Release|Any CPU
		{612789F3-D7AE-4807-8C3B-94A72ABE91CA}.Release|Any CPU.Build.0 = Release|Any CPU
		{507C6BDB-AF41-4AC8-ADFD-F6EF2B6E1255}.Debug|Any CPU.ActiveCfg = Debug|Any CPU
		{507C6BDB-AF41-4AC8-ADFD-F6EF2B6E1255}.Debug|Any CPU.Build.0 = Debug|Any CPU
		{507C6BDB-AF41-4AC8-ADFD-F6EF2B6E1255}.Release|Any CPU.ActiveCfg = Release|Any CPU
		{507C6BDB-AF41-4AC8-ADFD-F6EF2B6E1255}.Release|Any CPU.Build.0 = Release|Any CPU
		{00BADC73-460A-4DE1-A9DF-FD35A1589042}.Debug|Any CPU.ActiveCfg = Debug|Any CPU
		{00BADC73-460A-4DE1-A9DF-FD35A1589042}.Debug|Any CPU.Build.0 = Debug|Any CPU
		{00BADC73-460A-4DE1-A9DF-FD35A1589042}.Release|Any CPU.ActiveCfg = Release|Any CPU
		{00BADC73-460A-4DE1-A9DF-FD35A1589042}.Release|Any CPU.Build.0 = Release|Any CPU
		{7DE8F601-2D24-4614-905A-C59D5EE93F57}.Debug|Any CPU.ActiveCfg = Debug|Any CPU
		{7DE8F601-2D24-4614-905A-C59D5EE93F57}.Debug|Any CPU.Build.0 = Debug|Any CPU
		{7DE8F601-2D24-4614-905A-C59D5EE93F57}.Release|Any CPU.ActiveCfg = Release|Any CPU
		{7DE8F601-2D24-4614-905A-C59D5EE93F57}.Release|Any CPU.Build.0 = Release|Any CPU
		{270272F2-4810-48C0-864E-9367B69122BF}.Debug|Any CPU.ActiveCfg = Debug|Any CPU
		{270272F2-4810-48C0-864E-9367B69122BF}.Debug|Any CPU.Build.0 = Debug|Any CPU
		{270272F2-4810-48C0-864E-9367B69122BF}.Release|Any CPU.ActiveCfg = Release|Any CPU
		{270272F2-4810-48C0-864E-9367B69122BF}.Release|Any CPU.Build.0 = Release|Any CPU
		{4575D340-16D4-4445-8D3F-CA42810A4952}.Debug|Any CPU.ActiveCfg = Debug|Any CPU
		{4575D340-16D4-4445-8D3F-CA42810A4952}.Debug|Any CPU.Build.0 = Debug|Any CPU
		{4575D340-16D4-4445-8D3F-CA42810A4952}.Release|Any CPU.ActiveCfg = Release|Any CPU
		{4575D340-16D4-4445-8D3F-CA42810A4952}.Release|Any CPU.Build.0 = Release|Any CPU
		{6EFA7E37-55C4-4569-8408-51FEC51253C8}.Debug|Any CPU.ActiveCfg = Debug|Any CPU
		{6EFA7E37-55C4-4569-8408-51FEC51253C8}.Debug|Any CPU.Build.0 = Debug|Any CPU
		{6EFA7E37-55C4-4569-8408-51FEC51253C8}.Release|Any CPU.ActiveCfg = Release|Any CPU
		{6EFA7E37-55C4-4569-8408-51FEC51253C8}.Release|Any CPU.Build.0 = Release|Any CPU
		{CE581B79-D008-42B5-A427-F06EC6F00A55}.Debug|Any CPU.ActiveCfg = Debug|Any CPU
		{CE581B79-D008-42B5-A427-F06EC6F00A55}.Debug|Any CPU.Build.0 = Debug|Any CPU
		{CE581B79-D008-42B5-A427-F06EC6F00A55}.Release|Any CPU.ActiveCfg = Release|Any CPU
		{CE581B79-D008-42B5-A427-F06EC6F00A55}.Release|Any CPU.Build.0 = Release|Any CPU
		{80DC8317-35BE-4231-A364-4C264F67218C}.Debug|Any CPU.ActiveCfg = Debug|Any CPU
		{80DC8317-35BE-4231-A364-4C264F67218C}.Debug|Any CPU.Build.0 = Debug|Any CPU
		{80DC8317-35BE-4231-A364-4C264F67218C}.Release|Any CPU.ActiveCfg = Release|Any CPU
		{80DC8317-35BE-4231-A364-4C264F67218C}.Release|Any CPU.Build.0 = Release|Any CPU
	EndGlobalSection
	GlobalSection(SolutionProperties) = preSolution
		HideSolutionNode = FALSE
	EndGlobalSection
	GlobalSection(NestedProjects) = preSolution
		{C7D6D1B3-71F4-43E9-8043-B46434E1DCA6} = {A2738F33-A8C4-4DED-A4D0-E06246704671}
		{90893DDD-D095-4BA1-832C-FE1D0DFB559D} = {A2738F33-A8C4-4DED-A4D0-E06246704671}
		{01D15C48-8F16-4A22-B18D-1B1EB9665770} = {A2738F33-A8C4-4DED-A4D0-E06246704671}
		{4EA5A78C-ACF9-40A5-B87D-DC857A4BC5C7} = {A2738F33-A8C4-4DED-A4D0-E06246704671}
		{D9AAF4C2-DD9D-44ED-A87F-F76381F1C210} = {A2738F33-A8C4-4DED-A4D0-E06246704671}
		{3957BE6D-4DF1-464F-8004-ECC8DA500067} = {EB42063E-FE89-4929-996A-DF32760EF200}
		{97FB45A2-C972-45D2-8FF6-24410B2260F6} = {EB42063E-FE89-4929-996A-DF32760EF200}
		{EACE4D39-6EB4-4F72-8756-B358BF729775} = {EB42063E-FE89-4929-996A-DF32760EF200}
		{187E4FAD-C10D-4DF6-88CB-8AAF65CB0CAD} = {EB42063E-FE89-4929-996A-DF32760EF200}
		{53047C02-98AD-4404-BC35-0BFD4B4813B7} = {EB42063E-FE89-4929-996A-DF32760EF200}
		{612789F3-D7AE-4807-8C3B-94A72ABE91CA} = {2691E70B-AF8D-4D97-A59B-DEE1561D9B19}
		{507C6BDB-AF41-4AC8-ADFD-F6EF2B6E1255} = {2691E70B-AF8D-4D97-A59B-DEE1561D9B19}
		{00BADC73-460A-4DE1-A9DF-FD35A1589042} = {2691E70B-AF8D-4D97-A59B-DEE1561D9B19}
		{7DE8F601-2D24-4614-905A-C59D5EE93F57} = {2691E70B-AF8D-4D97-A59B-DEE1561D9B19}
		{270272F2-4810-48C0-864E-9367B69122BF} = {D3BA622E-FCA6-41E6-B200-7CBA93CCF9BD}
		{4575D340-16D4-4445-8D3F-CA42810A4952} = {D3BA622E-FCA6-41E6-B200-7CBA93CCF9BD}
		{6EFA7E37-55C4-4569-8408-51FEC51253C8} = {D3BA622E-FCA6-41E6-B200-7CBA93CCF9BD}
		{CE581B79-D008-42B5-A427-F06EC6F00A55} = {D3BA622E-FCA6-41E6-B200-7CBA93CCF9BD}
		{80DC8317-35BE-4231-A364-4C264F67218C} = {9BD1CAC1-4326-4D59-9857-A733451B87EB}
	EndGlobalSection
	GlobalSection(ExtensibilityGlobals) = postSolution
		SolutionGuid = {19AF66DC-EAD7-4425-8965-A7DBC84E77B9}
	EndGlobalSection
EndGlobal
